<?xml version="1.0" encoding="utf-8"?>
<Project ToolsVersion="4.0" xmlns="http://schemas.microsoft.com/developer/msbuild/2003">
  <ItemGroup>
    <ClCompile Include="main.cpp" />
    <ClCompile Include="Application2D.cpp">
      <Filter>Game</Filter>
    </ClCompile>
    <ClCompile Include="Ball.cpp">
      <Filter>Game</Filter>
    </ClCompile>
    <ClCompile Include="GameState.cpp">
      <Filter>State Manager</Filter>
    </ClCompile>
    <ClCompile Include="GSM.cpp">
      <Filter>State Manager</Filter>
    </ClCompile>
    <ClCompile Include="LoadingState.cpp">
      <Filter>State Manager</Filter>
    </ClCompile>
    <ClCompile Include="MenuState.cpp">
      <Filter>State Manager</Filter>
    </ClCompile>
    <ClCompile Include="Object.cpp">
      <Filter>Game</Filter>
    </ClCompile>
    <ClCompile Include="PauseState.cpp">
      <Filter>State Manager</Filter>
    </ClCompile>
    <ClCompile Include="Player.cpp">
      <Filter>Game</Filter>
    </ClCompile>
    <ClCompile Include="SplashState.cpp">
      <Filter>State Manager</Filter>
    </ClCompile>
    <ClCompile Include="Menu.cpp">
      <Filter>Menu</Filter>
    </ClCompile>
    <ClCompile Include="MenuButton.cpp">
      <Filter>Menu</Filter>
    </ClCompile>
    <ClCompile Include="PlayerController.cpp" />
  </ItemGroup>
  <ItemGroup>
    <ClInclude Include="Application2D.h">
      <Filter>Game</Filter>
    </ClInclude>
    <ClInclude Include="Ball.h">
      <Filter>Game</Filter>
    </ClInclude>
    <ClInclude Include="GameState.h">
      <Filter>State Manager</Filter>
    </ClInclude>
    <ClInclude Include="Global.h">
      <Filter>State Manager</Filter>
    </ClInclude>
    <ClInclude Include="GSM.h">
      <Filter>State Manager</Filter>
    </ClInclude>
    <ClInclude Include="IState.h">
      <Filter>State Manager</Filter>
    </ClInclude>
    <ClInclude Include="LoadingState.h">
      <Filter>State Manager</Filter>
    </ClInclude>
    <ClInclude Include="MenuState.h">
      <Filter>State Manager</Filter>
    </ClInclude>
    <ClInclude Include="Object.h">
      <Filter>Game</Filter>
    </ClInclude>
    <ClInclude Include="PauseState.h">
      <Filter>State Manager</Filter>
    </ClInclude>
    <ClInclude Include="Player.h">
      <Filter>Game</Filter>
    </ClInclude>
    <ClInclude Include="SplashState.h">
      <Filter>State Manager</Filter>
    </ClInclude>
    <ClInclude Include="Colour.h">
      <Filter>Game</Filter>
    </ClInclude>
    <ClInclude Include="Menu.h">
      <Filter>Menu</Filter>
    </ClInclude>
    <ClInclude Include="MenuButton.h">
      <Filter>Menu</Filter>
    </ClInclude>
    <ClInclude Include="Component.h" />
    <ClInclude Include="PlayerController.h" />
  </ItemGroup>
  <ItemGroup>
    <Filter Include="State Manager">
      <UniqueIdentifier>{2923ad18-08a5-4fdc-9ef3-56ee104fedb3}</UniqueIdentifier>
    </Filter>
    <Filter Include="Game">
      <UniqueIdentifier>{e355daa8-b56d-4b22-823e-4d8a83953ca5}</UniqueIdentifier>
    </Filter>
    <Filter Include="Menu">
      <UniqueIdentifier>{2a3d23fd-a0b3-4f7a-a3f7-28a1e89f8e25}</UniqueIdentifier>
    </Filter>
  </ItemGroup>
</Project>